// !$*UTF8*$!
{
	archiveVersion = 1;
	classes = {
	};
	objectVersion = 50;
	objects = {

/* Begin PBXBuildFile section */
		AC782D3721F9A92D00CE7A7E /* AppDelegate.swift in Sources */ = {isa = PBXBuildFile; fileRef = AC782D3621F9A92D00CE7A7E /* AppDelegate.swift */; };
		AC782D3921F9A92D00CE7A7E /* ViewController.swift in Sources */ = {isa = PBXBuildFile; fileRef = AC782D3821F9A92D00CE7A7E /* ViewController.swift */; };
		AC782D3C21F9A92D00CE7A7E /* Main.storyboard in Resources */ = {isa = PBXBuildFile; fileRef = AC782D3A21F9A92D00CE7A7E /* Main.storyboard */; };
		AC782D3E21F9A93100CE7A7E /* Assets.xcassets in Resources */ = {isa = PBXBuildFile; fileRef = AC782D3D21F9A93100CE7A7E /* Assets.xcassets */; };
		AC782D4121F9A93100CE7A7E /* LaunchScreen.storyboard in Resources */ = {isa = PBXBuildFile; fileRef = AC782D3F21F9A93100CE7A7E /* LaunchScreen.storyboard */; };
		AC782D4C21F9A93200CE7A7E /* TripPlannerTests.swift in Sources */ = {isa = PBXBuildFile; fileRef = AC782D4B21F9A93200CE7A7E /* TripPlannerTests.swift */; };
		AC782D6421F9A96700CE7A7E /* Core.framework in Frameworks */ = {isa = PBXBuildFile; fileRef = AC782D5B21F9A96700CE7A7E /* Core.framework */; };
		AC782D6D21F9A96700CE7A7E /* Core.h in Headers */ = {isa = PBXBuildFile; fileRef = AC782D5D21F9A96700CE7A7E /* Core.h */; settings = {ATTRIBUTES = (Public, ); }; };
		AC782D7021F9A96700CE7A7E /* Core.framework in Frameworks */ = {isa = PBXBuildFile; fileRef = AC782D5B21F9A96700CE7A7E /* Core.framework */; };
		AC782D7121F9A96700CE7A7E /* Core.framework in Embed Frameworks */ = {isa = PBXBuildFile; fileRef = AC782D5B21F9A96700CE7A7E /* Core.framework */; settings = {ATTRIBUTES = (CodeSignOnCopy, RemoveHeadersOnCopy, ); }; };
		AC782D7C21F9A9D500CE7A7E /* LocationTests.swift in Sources */ = {isa = PBXBuildFile; fileRef = AC782D7B21F9A9D500CE7A7E /* LocationTests.swift */; };
		AC782D7E21F9AA2700CE7A7E /* Location.swift in Sources */ = {isa = PBXBuildFile; fileRef = AC782D7D21F9AA2700CE7A7E /* Location.swift */; };
		AC782D8121F9AAEB00CE7A7E /* connection_list.json in Resources */ = {isa = PBXBuildFile; fileRef = AC782D8021F9AAEA00CE7A7E /* connection_list.json */; };
		AC782D8321F9AB3B00CE7A7E /* connection.json in Resources */ = {isa = PBXBuildFile; fileRef = AC782D8221F9AB3B00CE7A7E /* connection.json */; };
		AC782D8521F9ABD400CE7A7E /* ConnectionTests.swift in Sources */ = {isa = PBXBuildFile; fileRef = AC782D8421F9ABD400CE7A7E /* ConnectionTests.swift */; };
		AC782D8721F9AC9100CE7A7E /* Connection.swift in Sources */ = {isa = PBXBuildFile; fileRef = AC782D8621F9AC9100CE7A7E /* Connection.swift */; };
		AC782D8921F9B0CF00CE7A7E /* ConnectionListResponse.swift in Sources */ = {isa = PBXBuildFile; fileRef = AC782D8821F9B0CF00CE7A7E /* ConnectionListResponse.swift */; };
		AC782D8B21F9B11D00CE7A7E /* ConnectionListResponseTests.swift in Sources */ = {isa = PBXBuildFile; fileRef = AC782D8A21F9B11D00CE7A7E /* ConnectionListResponseTests.swift */; };
		AC782D9621F9B36B00CE7A7E /* Endpoint.swift in Sources */ = {isa = PBXBuildFile; fileRef = AC782D9321F9B36B00CE7A7E /* Endpoint.swift */; };
		AC782D9721F9B36B00CE7A7E /* WebService.swift in Sources */ = {isa = PBXBuildFile; fileRef = AC782D9421F9B36B00CE7A7E /* WebService.swift */; };
		AC782D9821F9B36B00CE7A7E /* WebServiceAssembly.swift in Sources */ = {isa = PBXBuildFile; fileRef = AC782D9521F9B36B00CE7A7E /* WebServiceAssembly.swift */; };
		AC782D9A21F9B46C00CE7A7E /* EndpointTests.swift in Sources */ = {isa = PBXBuildFile; fileRef = AC782D9921F9B46C00CE7A7E /* EndpointTests.swift */; };
		AC782D9C21F9B7EF00CE7A7E /* NetworkRepository.swift in Sources */ = {isa = PBXBuildFile; fileRef = AC782D9B21F9B7EF00CE7A7E /* NetworkRepository.swift */; };
		AC782D9F21F9CC6000CE7A7E /* MockConnectionRepository.swift in Sources */ = {isa = PBXBuildFile; fileRef = AC782D9E21F9CC6000CE7A7E /* MockConnectionRepository.swift */; };
		AC782DA121F9CD3200CE7A7E /* ConnectionRepositoryTests.swift in Sources */ = {isa = PBXBuildFile; fileRef = AC782DA021F9CD3200CE7A7E /* ConnectionRepositoryTests.swift */; };
		AC782DEC21F9F3C900CE7A7E /* Algorithms.framework in Frameworks */ = {isa = PBXBuildFile; fileRef = AC782DE321F9F3C800CE7A7E /* Algorithms.framework */; };
		AC782DF321F9F3C900CE7A7E /* AlgorithmsTests.swift in Sources */ = {isa = PBXBuildFile; fileRef = AC782DF221F9F3C900CE7A7E /* AlgorithmsTests.swift */; };
		AC782DF521F9F3C900CE7A7E /* Algorithms.h in Headers */ = {isa = PBXBuildFile; fileRef = AC782DE521F9F3C800CE7A7E /* Algorithms.h */; settings = {ATTRIBUTES = (Public, ); }; };
		AC782DF821F9F3C900CE7A7E /* Algorithms.framework in Frameworks */ = {isa = PBXBuildFile; fileRef = AC782DE321F9F3C800CE7A7E /* Algorithms.framework */; };
		AC782DF921F9F3C900CE7A7E /* Algorithms.framework in Embed Frameworks */ = {isa = PBXBuildFile; fileRef = AC782DE321F9F3C800CE7A7E /* Algorithms.framework */; settings = {ATTRIBUTES = (CodeSignOnCopy, RemoveHeadersOnCopy, ); }; };
		AC782E0521F9F3DE00CE7A7E /* Edge.swift in Sources */ = {isa = PBXBuildFile; fileRef = AC782E0021F9F3DD00CE7A7E /* Edge.swift */; };
		AC782E0621F9F3DE00CE7A7E /* Graph.swift in Sources */ = {isa = PBXBuildFile; fileRef = AC782E0121F9F3DD00CE7A7E /* Graph.swift */; };
		AC782E0721F9F3DE00CE7A7E /* Vertex.swift in Sources */ = {isa = PBXBuildFile; fileRef = AC782E0221F9F3DD00CE7A7E /* Vertex.swift */; };
		AC782E0821F9F3DE00CE7A7E /* AdjacencyList.swift in Sources */ = {isa = PBXBuildFile; fileRef = AC782E0321F9F3DD00CE7A7E /* AdjacencyList.swift */; };
		AC782E0921F9F3DE00CE7A7E /* Dijkstra.swift in Sources */ = {isa = PBXBuildFile; fileRef = AC782E0421F9F3DE00CE7A7E /* Dijkstra.swift */; };
		AC782E0D21F9F3E700CE7A7E /* Queue.swift in Sources */ = {isa = PBXBuildFile; fileRef = AC782E0A21F9F3E700CE7A7E /* Queue.swift */; };
		AC782E0E21F9F3E700CE7A7E /* Heap.swift in Sources */ = {isa = PBXBuildFile; fileRef = AC782E0B21F9F3E700CE7A7E /* Heap.swift */; };
		AC782E0F21F9F3E700CE7A7E /* PriorityQueue.swift in Sources */ = {isa = PBXBuildFile; fileRef = AC782E0C21F9F3E700CE7A7E /* PriorityQueue.swift */; };
		AC782E1121F9F72900CE7A7E /* Network.swift in Sources */ = {isa = PBXBuildFile; fileRef = AC782E1021F9F72900CE7A7E /* Network.swift */; };
		AC782E1521F9FF2000CE7A7E /* NetworkTests.swift in Sources */ = {isa = PBXBuildFile; fileRef = AC782E1421F9FF2000CE7A7E /* NetworkTests.swift */; };
		AC782E1821FA051900CE7A7E /* AdjacencyList+Location.swift in Sources */ = {isa = PBXBuildFile; fileRef = AC782E1721FA051900CE7A7E /* AdjacencyList+Location.swift */; };
		AC782E1A21FA247000CE7A7E /* Edge+Connection.swift in Sources */ = {isa = PBXBuildFile; fileRef = AC782E1921FA247000CE7A7E /* Edge+Connection.swift */; };
		AC782E1C21FA2AFB00CE7A7E /* Array<Connection>+price.swift in Sources */ = {isa = PBXBuildFile; fileRef = AC782E1B21FA2AFB00CE7A7E /* Array<Connection>+price.swift */; };
/* End PBXBuildFile section */

/* Begin PBXContainerItemProxy section */
		AC782D4821F9A93200CE7A7E /* PBXContainerItemProxy */ = {
			isa = PBXContainerItemProxy;
			containerPortal = AC782D2B21F9A92D00CE7A7E /* Project object */;
			proxyType = 1;
			remoteGlobalIDString = AC782D3221F9A92D00CE7A7E;
			remoteInfo = TripPlanner;
		};
		AC782D6521F9A96700CE7A7E /* PBXContainerItemProxy */ = {
			isa = PBXContainerItemProxy;
			containerPortal = AC782D2B21F9A92D00CE7A7E /* Project object */;
			proxyType = 1;
			remoteGlobalIDString = AC782D5A21F9A96700CE7A7E;
			remoteInfo = Core;
		};
		AC782D6721F9A96700CE7A7E /* PBXContainerItemProxy */ = {
			isa = PBXContainerItemProxy;
			containerPortal = AC782D2B21F9A92D00CE7A7E /* Project object */;
			proxyType = 1;
			remoteGlobalIDString = AC782D3221F9A92D00CE7A7E;
			remoteInfo = TripPlanner;
		};
		AC782D6E21F9A96700CE7A7E /* PBXContainerItemProxy */ = {
			isa = PBXContainerItemProxy;
			containerPortal = AC782D2B21F9A92D00CE7A7E /* Project object */;
			proxyType = 1;
			remoteGlobalIDString = AC782D5A21F9A96700CE7A7E;
			remoteInfo = Core;
		};
		AC782DED21F9F3C900CE7A7E /* PBXContainerItemProxy */ = {
			isa = PBXContainerItemProxy;
			containerPortal = AC782D2B21F9A92D00CE7A7E /* Project object */;
			proxyType = 1;
			remoteGlobalIDString = AC782DE221F9F3C800CE7A7E;
			remoteInfo = Algorithms;
		};
		AC782DEF21F9F3C900CE7A7E /* PBXContainerItemProxy */ = {
			isa = PBXContainerItemProxy;
			containerPortal = AC782D2B21F9A92D00CE7A7E /* Project object */;
			proxyType = 1;
			remoteGlobalIDString = AC782D3221F9A92D00CE7A7E;
			remoteInfo = TripPlanner;
		};
		AC782DF621F9F3C900CE7A7E /* PBXContainerItemProxy */ = {
			isa = PBXContainerItemProxy;
			containerPortal = AC782D2B21F9A92D00CE7A7E /* Project object */;
			proxyType = 1;
			remoteGlobalIDString = AC782DE221F9F3C800CE7A7E;
			remoteInfo = Algorithms;
		};
/* End PBXContainerItemProxy section */

/* Begin PBXCopyFilesBuildPhase section */
		AC782D7521F9A96700CE7A7E /* Embed Frameworks */ = {
			isa = PBXCopyFilesBuildPhase;
			buildActionMask = 2147483647;
			dstPath = "";
			dstSubfolderSpec = 10;
			files = (
				AC782DF921F9F3C900CE7A7E /* Algorithms.framework in Embed Frameworks */,
				AC782D7121F9A96700CE7A7E /* Core.framework in Embed Frameworks */,
			);
			name = "Embed Frameworks";
			runOnlyForDeploymentPostprocessing = 0;
		};
/* End PBXCopyFilesBuildPhase section */

/* Begin PBXFileReference section */
		AC782D3321F9A92D00CE7A7E /* TripPlanner.app */ = {isa = PBXFileReference; explicitFileType = wrapper.application; includeInIndex = 0; path = TripPlanner.app; sourceTree = BUILT_PRODUCTS_DIR; };
		AC782D3621F9A92D00CE7A7E /* AppDelegate.swift */ = {isa = PBXFileReference; lastKnownFileType = sourcecode.swift; path = AppDelegate.swift; sourceTree = "<group>"; };
		AC782D3821F9A92D00CE7A7E /* ViewController.swift */ = {isa = PBXFileReference; lastKnownFileType = sourcecode.swift; path = ViewController.swift; sourceTree = "<group>"; };
		AC782D3B21F9A92D00CE7A7E /* Base */ = {isa = PBXFileReference; lastKnownFileType = file.storyboard; name = Base; path = Base.lproj/Main.storyboard; sourceTree = "<group>"; };
		AC782D3D21F9A93100CE7A7E /* Assets.xcassets */ = {isa = PBXFileReference; lastKnownFileType = folder.assetcatalog; path = Assets.xcassets; sourceTree = "<group>"; };
		AC782D4021F9A93100CE7A7E /* Base */ = {isa = PBXFileReference; lastKnownFileType = file.storyboard; name = Base; path = Base.lproj/LaunchScreen.storyboard; sourceTree = "<group>"; };
		AC782D4221F9A93100CE7A7E /* Info.plist */ = {isa = PBXFileReference; lastKnownFileType = text.plist.xml; path = Info.plist; sourceTree = "<group>"; };
		AC782D4721F9A93200CE7A7E /* TripPlannerTests.xctest */ = {isa = PBXFileReference; explicitFileType = wrapper.cfbundle; includeInIndex = 0; path = TripPlannerTests.xctest; sourceTree = BUILT_PRODUCTS_DIR; };
		AC782D4B21F9A93200CE7A7E /* TripPlannerTests.swift */ = {isa = PBXFileReference; lastKnownFileType = sourcecode.swift; path = TripPlannerTests.swift; sourceTree = "<group>"; };
		AC782D4D21F9A93200CE7A7E /* Info.plist */ = {isa = PBXFileReference; lastKnownFileType = text.plist.xml; path = Info.plist; sourceTree = "<group>"; };
		AC782D5B21F9A96700CE7A7E /* Core.framework */ = {isa = PBXFileReference; explicitFileType = wrapper.framework; includeInIndex = 0; path = Core.framework; sourceTree = BUILT_PRODUCTS_DIR; };
		AC782D5D21F9A96700CE7A7E /* Core.h */ = {isa = PBXFileReference; lastKnownFileType = sourcecode.c.h; path = Core.h; sourceTree = "<group>"; };
		AC782D5E21F9A96700CE7A7E /* Info.plist */ = {isa = PBXFileReference; lastKnownFileType = text.plist.xml; path = Info.plist; sourceTree = "<group>"; };
		AC782D6321F9A96700CE7A7E /* CoreTests.xctest */ = {isa = PBXFileReference; explicitFileType = wrapper.cfbundle; includeInIndex = 0; path = CoreTests.xctest; sourceTree = BUILT_PRODUCTS_DIR; };
		AC782D6C21F9A96700CE7A7E /* Info.plist */ = {isa = PBXFileReference; lastKnownFileType = text.plist.xml; path = Info.plist; sourceTree = "<group>"; };
		AC782D7B21F9A9D500CE7A7E /* LocationTests.swift */ = {isa = PBXFileReference; lastKnownFileType = sourcecode.swift; path = LocationTests.swift; sourceTree = "<group>"; };
		AC782D7D21F9AA2700CE7A7E /* Location.swift */ = {isa = PBXFileReference; lastKnownFileType = sourcecode.swift; path = Location.swift; sourceTree = "<group>"; };
		AC782D8021F9AAEA00CE7A7E /* connection_list.json */ = {isa = PBXFileReference; lastKnownFileType = text.json; path = connection_list.json; sourceTree = "<group>"; };
		AC782D8221F9AB3B00CE7A7E /* connection.json */ = {isa = PBXFileReference; lastKnownFileType = text.json; path = connection.json; sourceTree = "<group>"; };
		AC782D8421F9ABD400CE7A7E /* ConnectionTests.swift */ = {isa = PBXFileReference; lastKnownFileType = sourcecode.swift; path = ConnectionTests.swift; sourceTree = "<group>"; };
		AC782D8621F9AC9100CE7A7E /* Connection.swift */ = {isa = PBXFileReference; lastKnownFileType = sourcecode.swift; path = Connection.swift; sourceTree = "<group>"; };
		AC782D8821F9B0CF00CE7A7E /* ConnectionListResponse.swift */ = {isa = PBXFileReference; lastKnownFileType = sourcecode.swift; path = ConnectionListResponse.swift; sourceTree = "<group>"; };
		AC782D8A21F9B11D00CE7A7E /* ConnectionListResponseTests.swift */ = {isa = PBXFileReference; lastKnownFileType = sourcecode.swift; path = ConnectionListResponseTests.swift; sourceTree = "<group>"; };
		AC782D9321F9B36B00CE7A7E /* Endpoint.swift */ = {isa = PBXFileReference; fileEncoding = 4; lastKnownFileType = sourcecode.swift; path = Endpoint.swift; sourceTree = "<group>"; };
		AC782D9421F9B36B00CE7A7E /* WebService.swift */ = {isa = PBXFileReference; fileEncoding = 4; lastKnownFileType = sourcecode.swift; path = WebService.swift; sourceTree = "<group>"; };
		AC782D9521F9B36B00CE7A7E /* WebServiceAssembly.swift */ = {isa = PBXFileReference; fileEncoding = 4; lastKnownFileType = sourcecode.swift; path = WebServiceAssembly.swift; sourceTree = "<group>"; };
		AC782D9921F9B46C00CE7A7E /* EndpointTests.swift */ = {isa = PBXFileReference; lastKnownFileType = sourcecode.swift; path = EndpointTests.swift; sourceTree = "<group>"; };
		AC782D9B21F9B7EF00CE7A7E /* NetworkRepository.swift */ = {isa = PBXFileReference; lastKnownFileType = sourcecode.swift; path = NetworkRepository.swift; sourceTree = "<group>"; };
		AC782D9E21F9CC6000CE7A7E /* MockConnectionRepository.swift */ = {isa = PBXFileReference; lastKnownFileType = sourcecode.swift; path = MockConnectionRepository.swift; sourceTree = "<group>"; };
		AC782DA021F9CD3200CE7A7E /* ConnectionRepositoryTests.swift */ = {isa = PBXFileReference; lastKnownFileType = sourcecode.swift; path = ConnectionRepositoryTests.swift; sourceTree = "<group>"; };
		AC782DE321F9F3C800CE7A7E /* Algorithms.framework */ = {isa = PBXFileReference; explicitFileType = wrapper.framework; includeInIndex = 0; path = Algorithms.framework; sourceTree = BUILT_PRODUCTS_DIR; };
		AC782DE521F9F3C800CE7A7E /* Algorithms.h */ = {isa = PBXFileReference; lastKnownFileType = sourcecode.c.h; path = Algorithms.h; sourceTree = "<group>"; };
		AC782DE621F9F3C800CE7A7E /* Info.plist */ = {isa = PBXFileReference; lastKnownFileType = text.plist.xml; path = Info.plist; sourceTree = "<group>"; };
		AC782DEB21F9F3C900CE7A7E /* AlgorithmsTests.xctest */ = {isa = PBXFileReference; explicitFileType = wrapper.cfbundle; includeInIndex = 0; path = AlgorithmsTests.xctest; sourceTree = BUILT_PRODUCTS_DIR; };
		AC782DF221F9F3C900CE7A7E /* AlgorithmsTests.swift */ = {isa = PBXFileReference; lastKnownFileType = sourcecode.swift; path = AlgorithmsTests.swift; sourceTree = "<group>"; };
		AC782DF421F9F3C900CE7A7E /* Info.plist */ = {isa = PBXFileReference; lastKnownFileType = text.plist.xml; path = Info.plist; sourceTree = "<group>"; };
		AC782E0021F9F3DD00CE7A7E /* Edge.swift */ = {isa = PBXFileReference; fileEncoding = 4; lastKnownFileType = sourcecode.swift; path = Edge.swift; sourceTree = "<group>"; };
		AC782E0121F9F3DD00CE7A7E /* Graph.swift */ = {isa = PBXFileReference; fileEncoding = 4; lastKnownFileType = sourcecode.swift; path = Graph.swift; sourceTree = "<group>"; };
		AC782E0221F9F3DD00CE7A7E /* Vertex.swift */ = {isa = PBXFileReference; fileEncoding = 4; lastKnownFileType = sourcecode.swift; path = Vertex.swift; sourceTree = "<group>"; };
		AC782E0321F9F3DD00CE7A7E /* AdjacencyList.swift */ = {isa = PBXFileReference; fileEncoding = 4; lastKnownFileType = sourcecode.swift; path = AdjacencyList.swift; sourceTree = "<group>"; };
		AC782E0421F9F3DE00CE7A7E /* Dijkstra.swift */ = {isa = PBXFileReference; fileEncoding = 4; lastKnownFileType = sourcecode.swift; path = Dijkstra.swift; sourceTree = "<group>"; };
		AC782E0A21F9F3E700CE7A7E /* Queue.swift */ = {isa = PBXFileReference; fileEncoding = 4; lastKnownFileType = sourcecode.swift; path = Queue.swift; sourceTree = "<group>"; };
		AC782E0B21F9F3E700CE7A7E /* Heap.swift */ = {isa = PBXFileReference; fileEncoding = 4; lastKnownFileType = sourcecode.swift; path = Heap.swift; sourceTree = "<group>"; };
		AC782E0C21F9F3E700CE7A7E /* PriorityQueue.swift */ = {isa = PBXFileReference; fileEncoding = 4; lastKnownFileType = sourcecode.swift; path = PriorityQueue.swift; sourceTree = "<group>"; };
		AC782E1021F9F72900CE7A7E /* Network.swift */ = {isa = PBXFileReference; lastKnownFileType = sourcecode.swift; path = Network.swift; sourceTree = "<group>"; };
		AC782E1421F9FF2000CE7A7E /* NetworkTests.swift */ = {isa = PBXFileReference; lastKnownFileType = sourcecode.swift; path = NetworkTests.swift; sourceTree = "<group>"; };
		AC782E1721FA051900CE7A7E /* AdjacencyList+Location.swift */ = {isa = PBXFileReference; lastKnownFileType = sourcecode.swift; path = "AdjacencyList+Location.swift"; sourceTree = "<group>"; };
		AC782E1921FA247000CE7A7E /* Edge+Connection.swift */ = {isa = PBXFileReference; lastKnownFileType = sourcecode.swift; path = "Edge+Connection.swift"; sourceTree = "<group>"; };
		AC782E1B21FA2AFB00CE7A7E /* Array<Connection>+price.swift */ = {isa = PBXFileReference; lastKnownFileType = sourcecode.swift; path = "Array<Connection>+price.swift"; sourceTree = "<group>"; };
/* End PBXFileReference section */

/* Begin PBXFrameworksBuildPhase section */
		AC782D3021F9A92D00CE7A7E /* Frameworks */ = {
			isa = PBXFrameworksBuildPhase;
			buildActionMask = 2147483647;
			files = (
				AC782DF821F9F3C900CE7A7E /* Algorithms.framework in Frameworks */,
				AC782D7021F9A96700CE7A7E /* Core.framework in Frameworks */,
			);
			runOnlyForDeploymentPostprocessing = 0;
		};
		AC782D4421F9A93200CE7A7E /* Frameworks */ = {
			isa = PBXFrameworksBuildPhase;
			buildActionMask = 2147483647;
			files = (
			);
			runOnlyForDeploymentPostprocessing = 0;
		};
		AC782D5821F9A96700CE7A7E /* Frameworks */ = {
			isa = PBXFrameworksBuildPhase;
			buildActionMask = 2147483647;
			files = (
			);
			runOnlyForDeploymentPostprocessing = 0;
		};
		AC782D6021F9A96700CE7A7E /* Frameworks */ = {
			isa = PBXFrameworksBuildPhase;
			buildActionMask = 2147483647;
			files = (
				AC782D6421F9A96700CE7A7E /* Core.framework in Frameworks */,
			);
			runOnlyForDeploymentPostprocessing = 0;
		};
		AC782DE021F9F3C800CE7A7E /* Frameworks */ = {
			isa = PBXFrameworksBuildPhase;
			buildActionMask = 2147483647;
			files = (
			);
			runOnlyForDeploymentPostprocessing = 0;
		};
		AC782DE821F9F3C900CE7A7E /* Frameworks */ = {
			isa = PBXFrameworksBuildPhase;
			buildActionMask = 2147483647;
			files = (
				AC782DEC21F9F3C900CE7A7E /* Algorithms.framework in Frameworks */,
			);
			runOnlyForDeploymentPostprocessing = 0;
		};
/* End PBXFrameworksBuildPhase section */

/* Begin PBXGroup section */
		AC782D2A21F9A92D00CE7A7E = {
			isa = PBXGroup;
			children = (
				AC782D3521F9A92D00CE7A7E /* TripPlanner */,
				AC782D4A21F9A93200CE7A7E /* TripPlannerTests */,
				AC782D5C21F9A96700CE7A7E /* Core */,
				AC782D6921F9A96700CE7A7E /* CoreTests */,
				AC782DE421F9F3C800CE7A7E /* Algorithms */,
				AC782DF121F9F3C900CE7A7E /* AlgorithmsTests */,
				AC782D3421F9A92D00CE7A7E /* Products */,
			);
			sourceTree = "<group>";
		};
		AC782D3421F9A92D00CE7A7E /* Products */ = {
			isa = PBXGroup;
			children = (
				AC782D3321F9A92D00CE7A7E /* TripPlanner.app */,
				AC782D4721F9A93200CE7A7E /* TripPlannerTests.xctest */,
				AC782D5B21F9A96700CE7A7E /* Core.framework */,
				AC782D6321F9A96700CE7A7E /* CoreTests.xctest */,
				AC782DE321F9F3C800CE7A7E /* Algorithms.framework */,
				AC782DEB21F9F3C900CE7A7E /* AlgorithmsTests.xctest */,
			);
			name = Products;
			sourceTree = "<group>";
		};
		AC782D3521F9A92D00CE7A7E /* TripPlanner */ = {
			isa = PBXGroup;
			children = (
				AC782D3621F9A92D00CE7A7E /* AppDelegate.swift */,
				AC782D3821F9A92D00CE7A7E /* ViewController.swift */,
				AC782D3A21F9A92D00CE7A7E /* Main.storyboard */,
				AC782D3D21F9A93100CE7A7E /* Assets.xcassets */,
				AC782D3F21F9A93100CE7A7E /* LaunchScreen.storyboard */,
				AC782D4221F9A93100CE7A7E /* Info.plist */,
			);
			path = TripPlanner;
			sourceTree = "<group>";
		};
		AC782D4A21F9A93200CE7A7E /* TripPlannerTests */ = {
			isa = PBXGroup;
			children = (
				AC782D4B21F9A93200CE7A7E /* TripPlannerTests.swift */,
				AC782D4D21F9A93200CE7A7E /* Info.plist */,
			);
			path = TripPlannerTests;
			sourceTree = "<group>";
		};
		AC782D5C21F9A96700CE7A7E /* Core */ = {
			isa = PBXGroup;
			children = (
				AC782D8E21F9B29B00CE7A7E /* HomeScreen */,
				AC782D7921F9A98900CE7A7E /* Common */,
				AC782D9221F9B34500CE7A7E /* WebService */,
				AC782D5D21F9A96700CE7A7E /* Core.h */,
				AC782D5E21F9A96700CE7A7E /* Info.plist */,
			);
			path = Core;
			sourceTree = "<group>";
		};
		AC782D6921F9A96700CE7A7E /* CoreTests */ = {
			isa = PBXGroup;
			children = (
				AC782D6C21F9A96700CE7A7E /* Info.plist */,
				AC782D9D21F9CC4D00CE7A7E /* Mocks */,
				AC782D7F21F9AAC700CE7A7E /* JSONData */,
				AC782D7B21F9A9D500CE7A7E /* LocationTests.swift */,
				AC782D8421F9ABD400CE7A7E /* ConnectionTests.swift */,
				AC782D8A21F9B11D00CE7A7E /* ConnectionListResponseTests.swift */,
				AC782DA021F9CD3200CE7A7E /* ConnectionRepositoryTests.swift */,
				AC782E1421F9FF2000CE7A7E /* NetworkTests.swift */,
			);
			path = CoreTests;
			sourceTree = "<group>";
		};
		AC782D7921F9A98900CE7A7E /* Common */ = {
			isa = PBXGroup;
			children = (
				AC782E1621FA04FB00CE7A7E /* Extensions */,
				AC782D7A21F9A99900CE7A7E /* Domain */,
			);
			path = Common;
			sourceTree = "<group>";
		};
		AC782D7A21F9A99900CE7A7E /* Domain */ = {
			isa = PBXGroup;
			children = (
				AC782D7D21F9AA2700CE7A7E /* Location.swift */,
				AC782D8621F9AC9100CE7A7E /* Connection.swift */,
				AC782D8821F9B0CF00CE7A7E /* ConnectionListResponse.swift */,
				AC782E1021F9F72900CE7A7E /* Network.swift */,
			);
			path = Domain;
			sourceTree = "<group>";
		};
		AC782D7F21F9AAC700CE7A7E /* JSONData */ = {
			isa = PBXGroup;
			children = (
				AC782D8021F9AAEA00CE7A7E /* connection_list.json */,
				AC782D8221F9AB3B00CE7A7E /* connection.json */,
				AC782D9921F9B46C00CE7A7E /* EndpointTests.swift */,
			);
			path = JSONData;
			sourceTree = "<group>";
		};
		AC782D8E21F9B29B00CE7A7E /* HomeScreen */ = {
			isa = PBXGroup;
			children = (
				AC782D8F21F9B2D500CE7A7E /* DI */,
				AC782D9121F9B2E600CE7A7E /* Repositories */,
				AC782D9021F9B2DC00CE7A7E /* Presentation */,
			);
			path = HomeScreen;
			sourceTree = "<group>";
		};
		AC782D8F21F9B2D500CE7A7E /* DI */ = {
			isa = PBXGroup;
			children = (
			);
			path = DI;
			sourceTree = "<group>";
		};
		AC782D9021F9B2DC00CE7A7E /* Presentation */ = {
			isa = PBXGroup;
			children = (
			);
			path = Presentation;
			sourceTree = "<group>";
		};
		AC782D9121F9B2E600CE7A7E /* Repositories */ = {
			isa = PBXGroup;
			children = (
				AC782D9B21F9B7EF00CE7A7E /* NetworkRepository.swift */,
			);
			path = Repositories;
			sourceTree = "<group>";
		};
		AC782D9221F9B34500CE7A7E /* WebService */ = {
			isa = PBXGroup;
			children = (
				AC782D9321F9B36B00CE7A7E /* Endpoint.swift */,
				AC782D9421F9B36B00CE7A7E /* WebService.swift */,
				AC782D9521F9B36B00CE7A7E /* WebServiceAssembly.swift */,
			);
			path = WebService;
			sourceTree = "<group>";
		};
		AC782D9D21F9CC4D00CE7A7E /* Mocks */ = {
			isa = PBXGroup;
			children = (
				AC782D9E21F9CC6000CE7A7E /* MockConnectionRepository.swift */,
			);
			path = Mocks;
			sourceTree = "<group>";
		};
		AC782DE421F9F3C800CE7A7E /* Algorithms */ = {
			isa = PBXGroup;
			children = (
				AC782E0321F9F3DD00CE7A7E /* AdjacencyList.swift */,
				AC782E0421F9F3DE00CE7A7E /* Dijkstra.swift */,
				AC782E0021F9F3DD00CE7A7E /* Edge.swift */,
				AC782E0121F9F3DD00CE7A7E /* Graph.swift */,
				AC782E0221F9F3DD00CE7A7E /* Vertex.swift */,
				AC782E0B21F9F3E700CE7A7E /* Heap.swift */,
				AC782E0C21F9F3E700CE7A7E /* PriorityQueue.swift */,
				AC782E0A21F9F3E700CE7A7E /* Queue.swift */,
				AC782DE521F9F3C800CE7A7E /* Algorithms.h */,
				AC782DE621F9F3C800CE7A7E /* Info.plist */,
			);
			path = Algorithms;
			sourceTree = "<group>";
		};
		AC782DF121F9F3C900CE7A7E /* AlgorithmsTests */ = {
			isa = PBXGroup;
			children = (
				AC782DF221F9F3C900CE7A7E /* AlgorithmsTests.swift */,
				AC782DF421F9F3C900CE7A7E /* Info.plist */,
			);
			path = AlgorithmsTests;
			sourceTree = "<group>";
		};
		AC782E1621FA04FB00CE7A7E /* Extensions */ = {
			isa = PBXGroup;
			children = (
				AC782E1721FA051900CE7A7E /* AdjacencyList+Location.swift */,
				AC782E1B21FA2AFB00CE7A7E /* Array<Connection>+price.swift */,
				AC782E1921FA247000CE7A7E /* Edge+Connection.swift */,
			);
			path = Extensions;
			sourceTree = "<group>";
		};
/* End PBXGroup section */

/* Begin PBXHeadersBuildPhase section */
		AC782D5621F9A96700CE7A7E /* Headers */ = {
			isa = PBXHeadersBuildPhase;
			buildActionMask = 2147483647;
			files = (
				AC782D6D21F9A96700CE7A7E /* Core.h in Headers */,
			);
			runOnlyForDeploymentPostprocessing = 0;
		};
		AC782DDE21F9F3C800CE7A7E /* Headers */ = {
			isa = PBXHeadersBuildPhase;
			buildActionMask = 2147483647;
			files = (
				AC782DF521F9F3C900CE7A7E /* Algorithms.h in Headers */,
			);
			runOnlyForDeploymentPostprocessing = 0;
		};
/* End PBXHeadersBuildPhase section */

/* Begin PBXNativeTarget section */
		AC782D3221F9A92D00CE7A7E /* TripPlanner */ = {
			isa = PBXNativeTarget;
			buildConfigurationList = AC782D5021F9A93200CE7A7E /* Build configuration list for PBXNativeTarget "TripPlanner" */;
			buildPhases = (
				AC782D2F21F9A92D00CE7A7E /* Sources */,
				AC782D3021F9A92D00CE7A7E /* Frameworks */,
				AC782D3121F9A92D00CE7A7E /* Resources */,
				AC782D7521F9A96700CE7A7E /* Embed Frameworks */,
			);
			buildRules = (
			);
			dependencies = (
				AC782D6F21F9A96700CE7A7E /* PBXTargetDependency */,
				AC782DF721F9F3C900CE7A7E /* PBXTargetDependency */,
			);
			name = TripPlanner;
			productName = TripPlanner;
			productReference = AC782D3321F9A92D00CE7A7E /* TripPlanner.app */;
			productType = "com.apple.product-type.application";
		};
		AC782D4621F9A93200CE7A7E /* TripPlannerTests */ = {
			isa = PBXNativeTarget;
			buildConfigurationList = AC782D5321F9A93200CE7A7E /* Build configuration list for PBXNativeTarget "TripPlannerTests" */;
			buildPhases = (
				AC782D4321F9A93200CE7A7E /* Sources */,
				AC782D4421F9A93200CE7A7E /* Frameworks */,
				AC782D4521F9A93200CE7A7E /* Resources */,
			);
			buildRules = (
			);
			dependencies = (
				AC782D4921F9A93200CE7A7E /* PBXTargetDependency */,
			);
			name = TripPlannerTests;
			productName = TripPlannerTests;
			productReference = AC782D4721F9A93200CE7A7E /* TripPlannerTests.xctest */;
			productType = "com.apple.product-type.bundle.unit-test";
		};
		AC782D5A21F9A96700CE7A7E /* Core */ = {
			isa = PBXNativeTarget;
			buildConfigurationList = AC782D7221F9A96700CE7A7E /* Build configuration list for PBXNativeTarget "Core" */;
			buildPhases = (
				AC782D5621F9A96700CE7A7E /* Headers */,
				AC782D5721F9A96700CE7A7E /* Sources */,
				AC782D5821F9A96700CE7A7E /* Frameworks */,
				AC782D5921F9A96700CE7A7E /* Resources */,
			);
			buildRules = (
			);
			dependencies = (
			);
			name = Core;
			productName = Core;
			productReference = AC782D5B21F9A96700CE7A7E /* Core.framework */;
			productType = "com.apple.product-type.framework";
		};
		AC782D6221F9A96700CE7A7E /* CoreTests */ = {
			isa = PBXNativeTarget;
			buildConfigurationList = AC782D7621F9A96700CE7A7E /* Build configuration list for PBXNativeTarget "CoreTests" */;
			buildPhases = (
				AC782D5F21F9A96700CE7A7E /* Sources */,
				AC782D6021F9A96700CE7A7E /* Frameworks */,
				AC782D6121F9A96700CE7A7E /* Resources */,
			);
			buildRules = (
			);
			dependencies = (
				AC782D6621F9A96700CE7A7E /* PBXTargetDependency */,
				AC782D6821F9A96700CE7A7E /* PBXTargetDependency */,
			);
			name = CoreTests;
			productName = CoreTests;
			productReference = AC782D6321F9A96700CE7A7E /* CoreTests.xctest */;
			productType = "com.apple.product-type.bundle.unit-test";
		};
		AC782DE221F9F3C800CE7A7E /* Algorithms */ = {
			isa = PBXNativeTarget;
			buildConfigurationList = AC782DFE21F9F3C900CE7A7E /* Build configuration list for PBXNativeTarget "Algorithms" */;
			buildPhases = (
				AC782DDE21F9F3C800CE7A7E /* Headers */,
				AC782DDF21F9F3C800CE7A7E /* Sources */,
				AC782DE021F9F3C800CE7A7E /* Frameworks */,
				AC782DE121F9F3C800CE7A7E /* Resources */,
			);
			buildRules = (
			);
			dependencies = (
			);
			name = Algorithms;
			productName = Algorithms;
			productReference = AC782DE321F9F3C800CE7A7E /* Algorithms.framework */;
			productType = "com.apple.product-type.framework";
		};
		AC782DEA21F9F3C900CE7A7E /* AlgorithmsTests */ = {
			isa = PBXNativeTarget;
			buildConfigurationList = AC782DFF21F9F3C900CE7A7E /* Build configuration list for PBXNativeTarget "AlgorithmsTests" */;
			buildPhases = (
				AC782DE721F9F3C900CE7A7E /* Sources */,
				AC782DE821F9F3C900CE7A7E /* Frameworks */,
				AC782DE921F9F3C900CE7A7E /* Resources */,
			);
			buildRules = (
			);
			dependencies = (
				AC782DEE21F9F3C900CE7A7E /* PBXTargetDependency */,
				AC782DF021F9F3C900CE7A7E /* PBXTargetDependency */,
			);
			name = AlgorithmsTests;
			productName = AlgorithmsTests;
			productReference = AC782DEB21F9F3C900CE7A7E /* AlgorithmsTests.xctest */;
			productType = "com.apple.product-type.bundle.unit-test";
		};
/* End PBXNativeTarget section */

/* Begin PBXProject section */
		AC782D2B21F9A92D00CE7A7E /* Project object */ = {
			isa = PBXProject;
			attributes = {
				LastSwiftUpdateCheck = 1010;
				LastUpgradeCheck = 1010;
				ORGANIZATIONNAME = "Alexandre Freire";
				TargetAttributes = {
					AC782D3221F9A92D00CE7A7E = {
						CreatedOnToolsVersion = 10.1;
					};
					AC782D4621F9A93200CE7A7E = {
						CreatedOnToolsVersion = 10.1;
						TestTargetID = AC782D3221F9A92D00CE7A7E;
					};
					AC782D5A21F9A96700CE7A7E = {
						CreatedOnToolsVersion = 10.1;
						LastSwiftMigration = 1010;
					};
					AC782D6221F9A96700CE7A7E = {
						CreatedOnToolsVersion = 10.1;
						LastSwiftMigration = 1010;
						TestTargetID = AC782D3221F9A92D00CE7A7E;
					};
					AC782DE221F9F3C800CE7A7E = {
						CreatedOnToolsVersion = 10.1;
						LastSwiftMigration = 1010;
					};
					AC782DEA21F9F3C900CE7A7E = {
						CreatedOnToolsVersion = 10.1;
						TestTargetID = AC782D3221F9A92D00CE7A7E;
					};
				};
			};
			buildConfigurationList = AC782D2E21F9A92D00CE7A7E /* Build configuration list for PBXProject "TripPlanner" */;
			compatibilityVersion = "Xcode 9.3";
			developmentRegion = en;
			hasScannedForEncodings = 0;
			knownRegions = (
				en,
				Base,
			);
			mainGroup = AC782D2A21F9A92D00CE7A7E;
			productRefGroup = AC782D3421F9A92D00CE7A7E /* Products */;
			projectDirPath = "";
			projectRoot = "";
			targets = (
				AC782D3221F9A92D00CE7A7E /* TripPlanner */,
				AC782D4621F9A93200CE7A7E /* TripPlannerTests */,
				AC782D5A21F9A96700CE7A7E /* Core */,
				AC782D6221F9A96700CE7A7E /* CoreTests */,
				AC782DE221F9F3C800CE7A7E /* Algorithms */,
				AC782DEA21F9F3C900CE7A7E /* AlgorithmsTests */,
			);
		};
/* End PBXProject section */

/* Begin PBXResourcesBuildPhase section */
		AC782D3121F9A92D00CE7A7E /* Resources */ = {
			isa = PBXResourcesBuildPhase;
			buildActionMask = 2147483647;
			files = (
				AC782D4121F9A93100CE7A7E /* LaunchScreen.storyboard in Resources */,
				AC782D3E21F9A93100CE7A7E /* Assets.xcassets in Resources */,
				AC782D3C21F9A92D00CE7A7E /* Main.storyboard in Resources */,
			);
			runOnlyForDeploymentPostprocessing = 0;
		};
		AC782D4521F9A93200CE7A7E /* Resources */ = {
			isa = PBXResourcesBuildPhase;
			buildActionMask = 2147483647;
			files = (
			);
			runOnlyForDeploymentPostprocessing = 0;
		};
		AC782D5921F9A96700CE7A7E /* Resources */ = {
			isa = PBXResourcesBuildPhase;
			buildActionMask = 2147483647;
			files = (
			);
			runOnlyForDeploymentPostprocessing = 0;
		};
		AC782D6121F9A96700CE7A7E /* Resources */ = {
			isa = PBXResourcesBuildPhase;
			buildActionMask = 2147483647;
			files = (
				AC782D8321F9AB3B00CE7A7E /* connection.json in Resources */,
				AC782D8121F9AAEB00CE7A7E /* connection_list.json in Resources */,
			);
			runOnlyForDeploymentPostprocessing = 0;
		};
		AC782DE121F9F3C800CE7A7E /* Resources */ = {
			isa = PBXResourcesBuildPhase;
			buildActionMask = 2147483647;
			files = (
			);
			runOnlyForDeploymentPostprocessing = 0;
		};
		AC782DE921F9F3C900CE7A7E /* Resources */ = {
			isa = PBXResourcesBuildPhase;
			buildActionMask = 2147483647;
			files = (
			);
			runOnlyForDeploymentPostprocessing = 0;
		};
/* End PBXResourcesBuildPhase section */

/* Begin PBXSourcesBuildPhase section */
		AC782D2F21F9A92D00CE7A7E /* Sources */ = {
			isa = PBXSourcesBuildPhase;
			buildActionMask = 2147483647;
			files = (
				AC782D3921F9A92D00CE7A7E /* ViewController.swift in Sources */,
				AC782D3721F9A92D00CE7A7E /* AppDelegate.swift in Sources */,
			);
			runOnlyForDeploymentPostprocessing = 0;
		};
		AC782D4321F9A93200CE7A7E /* Sources */ = {
			isa = PBXSourcesBuildPhase;
			buildActionMask = 2147483647;
			files = (
				AC782D4C21F9A93200CE7A7E /* TripPlannerTests.swift in Sources */,
			);
			runOnlyForDeploymentPostprocessing = 0;
		};
		AC782D5721F9A96700CE7A7E /* Sources */ = {
			isa = PBXSourcesBuildPhase;
			buildActionMask = 2147483647;
			files = (
				AC782E1A21FA247000CE7A7E /* Edge+Connection.swift in Sources */,
				AC782D7E21F9AA2700CE7A7E /* Location.swift in Sources */,
				AC782D9C21F9B7EF00CE7A7E /* NetworkRepository.swift in Sources */,
				AC782E1121F9F72900CE7A7E /* Network.swift in Sources */,
				AC782D8921F9B0CF00CE7A7E /* ConnectionListResponse.swift in Sources */,
				AC782D9621F9B36B00CE7A7E /* Endpoint.swift in Sources */,
				AC782D9721F9B36B00CE7A7E /* WebService.swift in Sources */,
				AC782E1821FA051900CE7A7E /* AdjacencyList+Location.swift in Sources */,
				AC782D9821F9B36B00CE7A7E /* WebServiceAssembly.swift in Sources */,
				AC782D8721F9AC9100CE7A7E /* Connection.swift in Sources */,
				AC782E1C21FA2AFB00CE7A7E /* Array<Connection>+price.swift in Sources */,
			);
			runOnlyForDeploymentPostprocessing = 0;
		};
		AC782D5F21F9A96700CE7A7E /* Sources */ = {
			isa = PBXSourcesBuildPhase;
			buildActionMask = 2147483647;
			files = (
				AC782E1521F9FF2000CE7A7E /* NetworkTests.swift in Sources */,
				AC782D7C21F9A9D500CE7A7E /* LocationTests.swift in Sources */,
				AC782D8521F9ABD400CE7A7E /* ConnectionTests.swift in Sources */,
				AC782D9F21F9CC6000CE7A7E /* MockConnectionRepository.swift in Sources */,
				AC782DA121F9CD3200CE7A7E /* ConnectionRepositoryTests.swift in Sources */,
				AC782D9A21F9B46C00CE7A7E /* EndpointTests.swift in Sources */,
				AC782D8B21F9B11D00CE7A7E /* ConnectionListResponseTests.swift in Sources */,
			);
			runOnlyForDeploymentPostprocessing = 0;
		};
		AC782DDF21F9F3C800CE7A7E /* Sources */ = {
			isa = PBXSourcesBuildPhase;
			buildActionMask = 2147483647;
			files = (
				AC782E0821F9F3DE00CE7A7E /* AdjacencyList.swift in Sources */,
				AC782E0D21F9F3E700CE7A7E /* Queue.swift in Sources */,
				AC782E0621F9F3DE00CE7A7E /* Graph.swift in Sources */,
				AC782E0521F9F3DE00CE7A7E /* Edge.swift in Sources */,
				AC782E0721F9F3DE00CE7A7E /* Vertex.swift in Sources */,
				AC782E0F21F9F3E700CE7A7E /* PriorityQueue.swift in Sources */,
				AC782E0921F9F3DE00CE7A7E /* Dijkstra.swift in Sources */,
				AC782E0E21F9F3E700CE7A7E /* Heap.swift in Sources */,
			);
			runOnlyForDeploymentPostprocessing = 0;
		};
		AC782DE721F9F3C900CE7A7E /* Sources */ = {
			isa = PBXSourcesBuildPhase;
			buildActionMask = 2147483647;
			files = (
				AC782DF321F9F3C900CE7A7E /* AlgorithmsTests.swift in Sources */,
			);
			runOnlyForDeploymentPostprocessing = 0;
		};
/* End PBXSourcesBuildPhase section */

/* Begin PBXTargetDependency section */
		AC782D4921F9A93200CE7A7E /* PBXTargetDependency */ = {
			isa = PBXTargetDependency;
			target = AC782D3221F9A92D00CE7A7E /* TripPlanner */;
			targetProxy = AC782D4821F9A93200CE7A7E /* PBXContainerItemProxy */;
		};
		AC782D6621F9A96700CE7A7E /* PBXTargetDependency */ = {
			isa = PBXTargetDependency;
			target = AC782D5A21F9A96700CE7A7E /* Core */;
			targetProxy = AC782D6521F9A96700CE7A7E /* PBXContainerItemProxy */;
		};
		AC782D6821F9A96700CE7A7E /* PBXTargetDependency */ = {
			isa = PBXTargetDependency;
			target = AC782D3221F9A92D00CE7A7E /* TripPlanner */;
			targetProxy = AC782D6721F9A96700CE7A7E /* PBXContainerItemProxy */;
		};
		AC782D6F21F9A96700CE7A7E /* PBXTargetDependency */ = {
			isa = PBXTargetDependency;
			target = AC782D5A21F9A96700CE7A7E /* Core */;
			targetProxy = AC782D6E21F9A96700CE7A7E /* PBXContainerItemProxy */;
		};
		AC782DEE21F9F3C900CE7A7E /* PBXTargetDependency */ = {
			isa = PBXTargetDependency;
			target = AC782DE221F9F3C800CE7A7E /* Algorithms */;
			targetProxy = AC782DED21F9F3C900CE7A7E /* PBXContainerItemProxy */;
		};
		AC782DF021F9F3C900CE7A7E /* PBXTargetDependency */ = {
			isa = PBXTargetDependency;
			target = AC782D3221F9A92D00CE7A7E /* TripPlanner */;
			targetProxy = AC782DEF21F9F3C900CE7A7E /* PBXContainerItemProxy */;
		};
		AC782DF721F9F3C900CE7A7E /* PBXTargetDependency */ = {
			isa = PBXTargetDependency;
			target = AC782DE221F9F3C800CE7A7E /* Algorithms */;
			targetProxy = AC782DF621F9F3C900CE7A7E /* PBXContainerItemProxy */;
		};
/* End PBXTargetDependency section */

/* Begin PBXVariantGroup section */
		AC782D3A21F9A92D00CE7A7E /* Main.storyboard */ = {
			isa = PBXVariantGroup;
			children = (
				AC782D3B21F9A92D00CE7A7E /* Base */,
			);
			name = Main.storyboard;
			sourceTree = "<group>";
		};
		AC782D3F21F9A93100CE7A7E /* LaunchScreen.storyboard */ = {
			isa = PBXVariantGroup;
			children = (
				AC782D4021F9A93100CE7A7E /* Base */,
			);
			name = LaunchScreen.storyboard;
			sourceTree = "<group>";
		};
/* End PBXVariantGroup section */

/* Begin XCBuildConfiguration section */
		AC782D4E21F9A93200CE7A7E /* Debug */ = {
			isa = XCBuildConfiguration;
			buildSettings = {
				ALWAYS_SEARCH_USER_PATHS = NO;
				CLANG_ANALYZER_NONNULL = YES;
				CLANG_ANALYZER_NUMBER_OBJECT_CONVERSION = YES_AGGRESSIVE;
				CLANG_CXX_LANGUAGE_STANDARD = "gnu++14";
				CLANG_CXX_LIBRARY = "libc++";
				CLANG_ENABLE_MODULES = YES;
				CLANG_ENABLE_OBJC_ARC = YES;
				CLANG_ENABLE_OBJC_WEAK = YES;
				CLANG_WARN_BLOCK_CAPTURE_AUTORELEASING = YES;
				CLANG_WARN_BOOL_CONVERSION = YES;
				CLANG_WARN_COMMA = YES;
				CLANG_WARN_CONSTANT_CONVERSION = YES;
				CLANG_WARN_DEPRECATED_OBJC_IMPLEMENTATIONS = YES;
				CLANG_WARN_DIRECT_OBJC_ISA_USAGE = YES_ERROR;
				CLANG_WARN_DOCUMENTATION_COMMENTS = YES;
				CLANG_WARN_EMPTY_BODY = YES;
				CLANG_WARN_ENUM_CONVERSION = YES;
				CLANG_WARN_INFINITE_RECURSION = YES;
				CLANG_WARN_INT_CONVERSION = YES;
				CLANG_WARN_NON_LITERAL_NULL_CONVERSION = YES;
				CLANG_WARN_OBJC_IMPLICIT_RETAIN_SELF = YES;
				CLANG_WARN_OBJC_LITERAL_CONVERSION = YES;
				CLANG_WARN_OBJC_ROOT_CLASS = YES_ERROR;
				CLANG_WARN_RANGE_LOOP_ANALYSIS = YES;
				CLANG_WARN_STRICT_PROTOTYPES = YES;
				CLANG_WARN_SUSPICIOUS_MOVE = YES;
				CLANG_WARN_UNGUARDED_AVAILABILITY = YES_AGGRESSIVE;
				CLANG_WARN_UNREACHABLE_CODE = YES;
				CLANG_WARN__DUPLICATE_METHOD_MATCH = YES;
				CODE_SIGN_IDENTITY = "iPhone Developer";
				COPY_PHASE_STRIP = NO;
				DEBUG_INFORMATION_FORMAT = dwarf;
				ENABLE_STRICT_OBJC_MSGSEND = YES;
				ENABLE_TESTABILITY = YES;
				GCC_C_LANGUAGE_STANDARD = gnu11;
				GCC_DYNAMIC_NO_PIC = NO;
				GCC_NO_COMMON_BLOCKS = YES;
				GCC_OPTIMIZATION_LEVEL = 0;
				GCC_PREPROCESSOR_DEFINITIONS = (
					"DEBUG=1",
					"$(inherited)",
				);
				GCC_WARN_64_TO_32_BIT_CONVERSION = YES;
				GCC_WARN_ABOUT_RETURN_TYPE = YES_ERROR;
				GCC_WARN_UNDECLARED_SELECTOR = YES;
				GCC_WARN_UNINITIALIZED_AUTOS = YES_AGGRESSIVE;
				GCC_WARN_UNUSED_FUNCTION = YES;
				GCC_WARN_UNUSED_VARIABLE = YES;
				IPHONEOS_DEPLOYMENT_TARGET = 12.1;
				MTL_ENABLE_DEBUG_INFO = INCLUDE_SOURCE;
				MTL_FAST_MATH = YES;
				ONLY_ACTIVE_ARCH = YES;
				SDKROOT = iphoneos;
				SWIFT_ACTIVE_COMPILATION_CONDITIONS = DEBUG;
				SWIFT_OPTIMIZATION_LEVEL = "-Onone";
			};
			name = Debug;
		};
		AC782D4F21F9A93200CE7A7E /* Release */ = {
			isa = XCBuildConfiguration;
			buildSettings = {
				ALWAYS_SEARCH_USER_PATHS = NO;
				CLANG_ANALYZER_NONNULL = YES;
				CLANG_ANALYZER_NUMBER_OBJECT_CONVERSION = YES_AGGRESSIVE;
				CLANG_CXX_LANGUAGE_STANDARD = "gnu++14";
				CLANG_CXX_LIBRARY = "libc++";
				CLANG_ENABLE_MODULES = YES;
				CLANG_ENABLE_OBJC_ARC = YES;
				CLANG_ENABLE_OBJC_WEAK = YES;
				CLANG_WARN_BLOCK_CAPTURE_AUTORELEASING = YES;
				CLANG_WARN_BOOL_CONVERSION = YES;
				CLANG_WARN_COMMA = YES;
				CLANG_WARN_CONSTANT_CONVERSION = YES;
				CLANG_WARN_DEPRECATED_OBJC_IMPLEMENTATIONS = YES;
				CLANG_WARN_DIRECT_OBJC_ISA_USAGE = YES_ERROR;
				CLANG_WARN_DOCUMENTATION_COMMENTS = YES;
				CLANG_WARN_EMPTY_BODY = YES;
				CLANG_WARN_ENUM_CONVERSION = YES;
				CLANG_WARN_INFINITE_RECURSION = YES;
				CLANG_WARN_INT_CONVERSION = YES;
				CLANG_WARN_NON_LITERAL_NULL_CONVERSION = YES;
				CLANG_WARN_OBJC_IMPLICIT_RETAIN_SELF = YES;
				CLANG_WARN_OBJC_LITERAL_CONVERSION = YES;
				CLANG_WARN_OBJC_ROOT_CLASS = YES_ERROR;
				CLANG_WARN_RANGE_LOOP_ANALYSIS = YES;
				CLANG_WARN_STRICT_PROTOTYPES = YES;
				CLANG_WARN_SUSPICIOUS_MOVE = YES;
				CLANG_WARN_UNGUARDED_AVAILABILITY = YES_AGGRESSIVE;
				CLANG_WARN_UNREACHABLE_CODE = YES;
				CLANG_WARN__DUPLICATE_METHOD_MATCH = YES;
				CODE_SIGN_IDENTITY = "iPhone Developer";
				COPY_PHASE_STRIP = NO;
				DEBUG_INFORMATION_FORMAT = "dwarf-with-dsym";
				ENABLE_NS_ASSERTIONS = NO;
				ENABLE_STRICT_OBJC_MSGSEND = YES;
				GCC_C_LANGUAGE_STANDARD = gnu11;
				GCC_NO_COMMON_BLOCKS = YES;
				GCC_WARN_64_TO_32_BIT_CONVERSION = YES;
				GCC_WARN_ABOUT_RETURN_TYPE = YES_ERROR;
				GCC_WARN_UNDECLARED_SELECTOR = YES;
				GCC_WARN_UNINITIALIZED_AUTOS = YES_AGGRESSIVE;
				GCC_WARN_UNUSED_FUNCTION = YES;
				GCC_WARN_UNUSED_VARIABLE = YES;
				IPHONEOS_DEPLOYMENT_TARGET = 12.1;
				MTL_ENABLE_DEBUG_INFO = NO;
				MTL_FAST_MATH = YES;
				SDKROOT = iphoneos;
				SWIFT_COMPILATION_MODE = wholemodule;
				SWIFT_OPTIMIZATION_LEVEL = "-O";
				VALIDATE_PRODUCT = YES;
			};
			name = Release;
		};
		AC782D5121F9A93200CE7A7E /* Debug */ = {
			isa = XCBuildConfiguration;
			buildSettings = {
				ALWAYS_EMBED_SWIFT_STANDARD_LIBRARIES = YES;
				ASSETCATALOG_COMPILER_APPICON_NAME = AppIcon;
				CODE_SIGN_STYLE = Automatic;
				DEVELOPMENT_TEAM = 8LNA9LB2Y8;
				INFOPLIST_FILE = TripPlanner/Info.plist;
				LD_RUNPATH_SEARCH_PATHS = (
					"$(inherited)",
					"@executable_path/Frameworks",
				);
				PRODUCT_BUNDLE_IDENTIFIER = com.alexandrefreire.TripPlanner;
				PRODUCT_NAME = "$(TARGET_NAME)";
				SWIFT_VERSION = 4.2;
				TARGETED_DEVICE_FAMILY = "1,2";
			};
			name = Debug;
		};
		AC782D5221F9A93200CE7A7E /* Release */ = {
			isa = XCBuildConfiguration;
			buildSettings = {
				ALWAYS_EMBED_SWIFT_STANDARD_LIBRARIES = YES;
				ASSETCATALOG_COMPILER_APPICON_NAME = AppIcon;
				CODE_SIGN_STYLE = Automatic;
				DEVELOPMENT_TEAM = 8LNA9LB2Y8;
				INFOPLIST_FILE = TripPlanner/Info.plist;
				LD_RUNPATH_SEARCH_PATHS = (
					"$(inherited)",
					"@executable_path/Frameworks",
				);
				PRODUCT_BUNDLE_IDENTIFIER = com.alexandrefreire.TripPlanner;
				PRODUCT_NAME = "$(TARGET_NAME)";
				SWIFT_VERSION = 4.2;
				TARGETED_DEVICE_FAMILY = "1,2";
			};
			name = Release;
		};
		AC782D5421F9A93200CE7A7E /* Debug */ = {
			isa = XCBuildConfiguration;
			buildSettings = {
				ALWAYS_EMBED_SWIFT_STANDARD_LIBRARIES = YES;
				BUNDLE_LOADER = "$(TEST_HOST)";
				CODE_SIGN_STYLE = Automatic;
				DEVELOPMENT_TEAM = 8LNA9LB2Y8;
				INFOPLIST_FILE = TripPlannerTests/Info.plist;
				LD_RUNPATH_SEARCH_PATHS = (
					"$(inherited)",
					"@executable_path/Frameworks",
					"@loader_path/Frameworks",
				);
				PRODUCT_BUNDLE_IDENTIFIER = com.alexandrefreire.TripPlannerTests;
				PRODUCT_NAME = "$(TARGET_NAME)";
				SWIFT_VERSION = 4.2;
				TARGETED_DEVICE_FAMILY = "1,2";
				TEST_HOST = "$(BUILT_PRODUCTS_DIR)/TripPlanner.app/TripPlanner";
			};
			name = Debug;
		};
		AC782D5521F9A93200CE7A7E /* Release */ = {
			isa = XCBuildConfiguration;
			buildSettings = {
				ALWAYS_EMBED_SWIFT_STANDARD_LIBRARIES = YES;
				BUNDLE_LOADER = "$(TEST_HOST)";
				CODE_SIGN_STYLE = Automatic;
				DEVELOPMENT_TEAM = 8LNA9LB2Y8;
				INFOPLIST_FILE = TripPlannerTests/Info.plist;
				LD_RUNPATH_SEARCH_PATHS = (
					"$(inherited)",
					"@executable_path/Frameworks",
					"@loader_path/Frameworks",
				);
				PRODUCT_BUNDLE_IDENTIFIER = com.alexandrefreire.TripPlannerTests;
				PRODUCT_NAME = "$(TARGET_NAME)";
				SWIFT_VERSION = 4.2;
				TARGETED_DEVICE_FAMILY = "1,2";
				TEST_HOST = "$(BUILT_PRODUCTS_DIR)/TripPlanner.app/TripPlanner";
			};
			name = Release;
		};
		AC782D7321F9A96700CE7A7E /* Debug */ = {
			isa = XCBuildConfiguration;
			buildSettings = {
				CLANG_ENABLE_MODULES = YES;
				CODE_SIGN_IDENTITY = "";
				CODE_SIGN_STYLE = Automatic;
				CURRENT_PROJECT_VERSION = 1;
				DEFINES_MODULE = YES;
				DEVELOPMENT_TEAM = 8LNA9LB2Y8;
				DYLIB_COMPATIBILITY_VERSION = 1;
				DYLIB_CURRENT_VERSION = 1;
				DYLIB_INSTALL_NAME_BASE = "@rpath";
				INFOPLIST_FILE = Core/Info.plist;
				INSTALL_PATH = "$(LOCAL_LIBRARY_DIR)/Frameworks";
				LD_RUNPATH_SEARCH_PATHS = (
					"$(inherited)",
					"@executable_path/Frameworks",
					"@loader_path/Frameworks",
				);
				PRODUCT_BUNDLE_IDENTIFIER = com.alexandrefreire.Core;
				PRODUCT_NAME = "$(TARGET_NAME:c99extidentifier)";
				SKIP_INSTALL = YES;
				SWIFT_OPTIMIZATION_LEVEL = "-Onone";
				SWIFT_VERSION = 4.2;
				TARGETED_DEVICE_FAMILY = "1,2";
				VERSIONING_SYSTEM = "apple-generic";
				VERSION_INFO_PREFIX = "";
			};
			name = Debug;
		};
		AC782D7421F9A96700CE7A7E /* Release */ = {
			isa = XCBuildConfiguration;
			buildSettings = {
				CLANG_ENABLE_MODULES = YES;
				CODE_SIGN_IDENTITY = "";
				CODE_SIGN_STYLE = Automatic;
				CURRENT_PROJECT_VERSION = 1;
				DEFINES_MODULE = YES;
				DEVELOPMENT_TEAM = 8LNA9LB2Y8;
				DYLIB_COMPATIBILITY_VERSION = 1;
				DYLIB_CURRENT_VERSION = 1;
				DYLIB_INSTALL_NAME_BASE = "@rpath";
				INFOPLIST_FILE = Core/Info.plist;
				INSTALL_PATH = "$(LOCAL_LIBRARY_DIR)/Frameworks";
				LD_RUNPATH_SEARCH_PATHS = (
					"$(inherited)",
					"@executable_path/Frameworks",
					"@loader_path/Frameworks",
				);
				PRODUCT_BUNDLE_IDENTIFIER = com.alexandrefreire.Core;
				PRODUCT_NAME = "$(TARGET_NAME:c99extidentifier)";
				SKIP_INSTALL = YES;
				SWIFT_VERSION = 4.2;
				TARGETED_DEVICE_FAMILY = "1,2";
				VERSIONING_SYSTEM = "apple-generic";
				VERSION_INFO_PREFIX = "";
			};
			name = Release;
		};
		AC782D7721F9A96700CE7A7E /* Debug */ = {
			isa = XCBuildConfiguration;
			buildSettings = {
				ALWAYS_EMBED_SWIFT_STANDARD_LIBRARIES = YES;
				CLANG_ENABLE_MODULES = YES;
				CODE_SIGN_STYLE = Automatic;
				DEVELOPMENT_TEAM = 8LNA9LB2Y8;
				INFOPLIST_FILE = CoreTests/Info.plist;
				LD_RUNPATH_SEARCH_PATHS = (
					"$(inherited)",
					"@executable_path/Frameworks",
					"@loader_path/Frameworks",
				);
				PRODUCT_BUNDLE_IDENTIFIER = com.alexandrefreire.CoreTests;
				PRODUCT_NAME = "$(TARGET_NAME)";
				SWIFT_OPTIMIZATION_LEVEL = "-Onone";
				SWIFT_VERSION = 4.2;
				TARGETED_DEVICE_FAMILY = "1,2";
				TEST_HOST = "$(BUILT_PRODUCTS_DIR)/TripPlanner.app/TripPlanner";
			};
			name = Debug;
		};
		AC782D7821F9A96700CE7A7E /* Release */ = {
			isa = XCBuildConfiguration;
			buildSettings = {
				ALWAYS_EMBED_SWIFT_STANDARD_LIBRARIES = YES;
				CLANG_ENABLE_MODULES = YES;
				CODE_SIGN_STYLE = Automatic;
				DEVELOPMENT_TEAM = 8LNA9LB2Y8;
				INFOPLIST_FILE = CoreTests/Info.plist;
				LD_RUNPATH_SEARCH_PATHS = (
					"$(inherited)",
					"@executable_path/Frameworks",
					"@loader_path/Frameworks",
				);
				PRODUCT_BUNDLE_IDENTIFIER = com.alexandrefreire.CoreTests;
				PRODUCT_NAME = "$(TARGET_NAME)";
				SWIFT_VERSION = 4.2;
				TARGETED_DEVICE_FAMILY = "1,2";
				TEST_HOST = "$(BUILT_PRODUCTS_DIR)/TripPlanner.app/TripPlanner";
			};
			name = Release;
		};
		AC782DFA21F9F3C900CE7A7E /* Debug */ = {
			isa = XCBuildConfiguration;
			buildSettings = {
				CLANG_ENABLE_MODULES = YES;
				CODE_SIGN_IDENTITY = "";
				CODE_SIGN_STYLE = Automatic;
				CURRENT_PROJECT_VERSION = 1;
				DEFINES_MODULE = YES;
				DEVELOPMENT_TEAM = 8LNA9LB2Y8;
				DYLIB_COMPATIBILITY_VERSION = 1;
				DYLIB_CURRENT_VERSION = 1;
				DYLIB_INSTALL_NAME_BASE = "@rpath";
				INFOPLIST_FILE = Algorithms/Info.plist;
				INSTALL_PATH = "$(LOCAL_LIBRARY_DIR)/Frameworks";
				LD_RUNPATH_SEARCH_PATHS = (
					"$(inherited)",
					"@executable_path/Frameworks",
					"@loader_path/Frameworks",
				);
				PRODUCT_BUNDLE_IDENTIFIER = com.alexandrefreire.Algorithms;
				PRODUCT_NAME = "$(TARGET_NAME:c99extidentifier)";
				SKIP_INSTALL = YES;
				SWIFT_OPTIMIZATION_LEVEL = "-Onone";
				SWIFT_VERSION = 4.2;
				TARGETED_DEVICE_FAMILY = "1,2";
				VERSIONING_SYSTEM = "apple-generic";
				VERSION_INFO_PREFIX = "";
			};
			name = Debug;
		};
		AC782DFB21F9F3C900CE7A7E /* Release */ = {
			isa = XCBuildConfiguration;
			buildSettings = {
				CLANG_ENABLE_MODULES = YES;
				CODE_SIGN_IDENTITY = "";
				CODE_SIGN_STYLE = Automatic;
				CURRENT_PROJECT_VERSION = 1;
				DEFINES_MODULE = YES;
				DEVELOPMENT_TEAM = 8LNA9LB2Y8;
				DYLIB_COMPATIBILITY_VERSION = 1;
				DYLIB_CURRENT_VERSION = 1;
				DYLIB_INSTALL_NAME_BASE = "@rpath";
				INFOPLIST_FILE = Algorithms/Info.plist;
				INSTALL_PATH = "$(LOCAL_LIBRARY_DIR)/Frameworks";
				LD_RUNPATH_SEARCH_PATHS = (
					"$(inherited)",
					"@executable_path/Frameworks",
					"@loader_path/Frameworks",
				);
				PRODUCT_BUNDLE_IDENTIFIER = com.alexandrefreire.Algorithms;
				PRODUCT_NAME = "$(TARGET_NAME:c99extidentifier)";
				SKIP_INSTALL = YES;
				SWIFT_VERSION = 4.2;
				TARGETED_DEVICE_FAMILY = "1,2";
				VERSIONING_SYSTEM = "apple-generic";
				VERSION_INFO_PREFIX = "";
			};
			name = Release;
		};
		AC782DFC21F9F3C900CE7A7E /* Debug */ = {
			isa = XCBuildConfiguration;
			buildSettings = {
				ALWAYS_EMBED_SWIFT_STANDARD_LIBRARIES = YES;
				CODE_SIGN_STYLE = Automatic;
				DEVELOPMENT_TEAM = 8LNA9LB2Y8;
				INFOPLIST_FILE = AlgorithmsTests/Info.plist;
				LD_RUNPATH_SEARCH_PATHS = (
					"$(inherited)",
					"@executable_path/Frameworks",
					"@loader_path/Frameworks",
				);
				PRODUCT_BUNDLE_IDENTIFIER = com.alexandrefreire.AlgorithmsTests;
				PRODUCT_NAME = "$(TARGET_NAME)";
				SWIFT_VERSION = 4.2;
				TARGETED_DEVICE_FAMILY = "1,2";
				TEST_HOST = "$(BUILT_PRODUCTS_DIR)/TripPlanner.app/TripPlanner";
			};
			name = Debug;
		};
		AC782DFD21F9F3C900CE7A7E /* Release */ = {
			isa = XCBuildConfiguration;
			buildSettings = {
				ALWAYS_EMBED_SWIFT_STANDARD_LIBRARIES = YES;
				CODE_SIGN_STYLE = Automatic;
				DEVELOPMENT_TEAM = 8LNA9LB2Y8;
				INFOPLIST_FILE = AlgorithmsTests/Info.plist;
				LD_RUNPATH_SEARCH_PATHS = (
					"$(inherited)",
					"@executable_path/Frameworks",
					"@loader_path/Frameworks",
				);
				PRODUCT_BUNDLE_IDENTIFIER = com.alexandrefreire.AlgorithmsTests;
				PRODUCT_NAME = "$(TARGET_NAME)";
				SWIFT_VERSION = 4.2;
				TARGETED_DEVICE_FAMILY = "1,2";
				TEST_HOST = "$(BUILT_PRODUCTS_DIR)/TripPlanner.app/TripPlanner";
			};
			name = Release;
		};
/* End XCBuildConfiguration section */

/* Begin XCConfigurationList section */
		AC782D2E21F9A92D00CE7A7E /* Build configuration list for PBXProject "TripPlanner" */ = {
			isa = XCConfigurationList;
			buildConfigurations = (
				AC782D4E21F9A93200CE7A7E /* Debug */,
				AC782D4F21F9A93200CE7A7E /* Release */,
			);
			defaultConfigurationIsVisible = 0;
			defaultConfigurationName = Release;
		};
		AC782D5021F9A93200CE7A7E /* Build configuration list for PBXNativeTarget "TripPlanner" */ = {
			isa = XCConfigurationList;
			buildConfigurations = (
				AC782D5121F9A93200CE7A7E /* Debug */,
				AC782D5221F9A93200CE7A7E /* Release */,
			);
			defaultConfigurationIsVisible = 0;
			defaultConfigurationName = Release;
		};
		AC782D5321F9A93200CE7A7E /* Build configuration list for PBXNativeTarget "TripPlannerTests" */ = {
			isa = XCConfigurationList;
			buildConfigurations = (
				AC782D5421F9A93200CE7A7E /* Debug */,
				AC782D5521F9A93200CE7A7E /* Release */,
			);
			defaultConfigurationIsVisible = 0;
			defaultConfigurationName = Release;
		};
		AC782D7221F9A96700CE7A7E /* Build configuration list for PBXNativeTarget "Core" */ = {
			isa = XCConfigurationList;
			buildConfigurations = (
				AC782D7321F9A96700CE7A7E /* Debug */,
				AC782D7421F9A96700CE7A7E /* Release */,
			);
			defaultConfigurationIsVisible = 0;
			defaultConfigurationName = Release;
		};
		AC782D7621F9A96700CE7A7E /* Build configuration list for PBXNativeTarget "CoreTests" */ = {
			isa = XCConfigurationList;
			buildConfigurations = (
				AC782D7721F9A96700CE7A7E /* Debug */,
				AC782D7821F9A96700CE7A7E /* Release */,
			);
			defaultConfigurationIsVisible = 0;
			defaultConfigurationName = Release;
		};
		AC782DFE21F9F3C900CE7A7E /* Build configuration list for PBXNativeTarget "Algorithms" */ = {
			isa = XCConfigurationList;
			buildConfigurations = (
				AC782DFA21F9F3C900CE7A7E /* Debug */,
				AC782DFB21F9F3C900CE7A7E /* Release */,
			);
			defaultConfigurationIsVisible = 0;
			defaultConfigurationName = Release;
		};
		AC782DFF21F9F3C900CE7A7E /* Build configuration list for PBXNativeTarget "AlgorithmsTests" */ = {
			isa = XCConfigurationList;
			buildConfigurations = (
				AC782DFC21F9F3C900CE7A7E /* Debug */,
				AC782DFD21F9F3C900CE7A7E /* Release */,
			);
			defaultConfigurationIsVisible = 0;
			defaultConfigurationName = Release;
		};
/* End XCConfigurationList section */
	};
	rootObject = AC782D2B21F9A92D00CE7A7E /* Project object */;
}
